
Microsoft Visual Studio Solution File, Format Version 12.00
# Visual Studio Version 17
VisualStudioVersion = 17.11.35312.102
MinimumVisualStudioVersion = 10.0.40219.1
Project("{FAE04EC0-301F-11D3-BF4B-00C04F79EFBC}") = "FinalGameProject", "FinalGameProject.csproj", "{5D52694E-8360-47A1-8F6A-213C94E72148}"
EndProject
Global
	GlobalSection(SolutionConfigurationPlatforms) = preSolution
		Debug|Any CPU = Debug|Any CPU
		Release|Any CPU = Release|Any CPU
	EndGlobalSection
	GlobalSection(ProjectConfigurationPlatforms) = postSolution
		{5D52694E-8360-47A1-8F6A-213C94E72148}.Debug|Any CPU.ActiveCfg = Debug|Any CPU
		{5D52694E-8360-47A1-8F6A-213C94E72148}.Debug|Any CPU.Build.0 = Debug|Any CPU
		{5D52694E-8360-47A1-8F6A-213C94E72148}.Release|Any CPU.ActiveCfg = Release|Any CPU
		{5D52694E-8360-47A1-8F6A-213C94E72148}.Release|Any CPU.Build.0 = Release|Any CPU
	EndGlobalSection
	GlobalSection(SolutionProperties) = preSolution
		HideSolutionNode = FALSE
	EndGlobalSection
	GlobalSection(ExtensibilityGlobals) = postSolution
		SolutionGuid = {29C2E703-AACD-4249-8AB0-C4442EDD1AA6}
	EndGlobalSection
EndGlobal
